
Microsoft Visual Studio Solution File, Format Version 12.00
# Visual Studio Version 16
VisualStudioVersion = 16.0.33927.289
MinimumVisualStudioVersion = 10.0.40219.1
Project("{2150E333-8FDC-42A3-9474-1A3956D46DE8}") = "Task0", "Task0", "{A40AEFD8-6228-459A-A92D-1D6E1C6276F5}"
EndProject
Project("{FAE04EC0-301F-11D3-BF4B-00C04F79EFBC}") = "Tyuiu.KosishnevaAN.Sprint6.Task0.V16.Lib", "Tyuiu.KosishnevaAN.Sprint6.Task0.V16.Lib\Tyuiu.KosishnevaAN.Sprint6.Task0.V16.Lib.csproj", "{6885ED29-376B-48BA-933D-90EFA9203D6B}"
EndProject
Project("{FAE04EC0-301F-11D3-BF4B-00C04F79EFBC}") = "Tyuiu.KosishnevaAN.Sprint6.Task0.V16.Test", "Tyuiu.KosishnevaAN.Sprint6.Task0.V16.Test\Tyuiu.KosishnevaAN.Sprint6.Task0.V16.Test.csproj", "{EFF208AB-8DCD-4C4D-A22C-959CF914E273}"
EndProject
Project("{FAE04EC0-301F-11D3-BF4B-00C04F79EFBC}") = "Tyuiu.KosishnevaAN.Sprint6.Task0.V16", "Tyuiu.KosishnevaAN.Sprint6.Task0.V16\Tyuiu.KosishnevaAN.Sprint6.Task0.V16.csproj", "{C9E54A2D-B4F1-45E6-A37A-68112C2221BB}"
EndProject
Project("{2150E333-8FDC-42A3-9474-1A3956D46DE8}") = "Task1", "Task1", "{3ED3915F-0A4A-46AA-AA25-3ED8FD525378}"
EndProject
Project("{FAE04EC0-301F-11D3-BF4B-00C04F79EFBC}") = "Tyuiu.KosishnevaAN.Sprint6.Task1.V20", "Tyuiu.KosishnevaAN.Sprint6.Task1.V20\Tyuiu.KosishnevaAN.Sprint6.Task1.V20.csproj", "{D1880CE2-6849-4642-A2DA-FE7FDA046541}"
EndProject
Project("{FAE04EC0-301F-11D3-BF4B-00C04F79EFBC}") = "Tyuiu.KosishnevaAN.Sprint6.Task1.V20.Lib", "Tyuiu.KosishnevaAN.Sprint6.Task1.V20.Lib\Tyuiu.KosishnevaAN.Sprint6.Task1.V20.Lib.csproj", "{CB026075-EBF1-440F-8374-4D8C843FD05D}"
EndProject
Project("{FAE04EC0-301F-11D3-BF4B-00C04F79EFBC}") = "Tyuiu.KosishnevaAN.Sprint6.Task1.V20.Test", "Tyuiu.KosishnevaAN.Sprint6.Task1.V20.Test\Tyuiu.KosishnevaAN.Sprint6.Task1.V20.Test.csproj", "{BD181303-5E01-4157-9FBB-C191E0639B28}"
EndProject
Project("{2150E333-8FDC-42A3-9474-1A3956D46DE8}") = "Task2", "Task2", "{7F5F9A67-7913-41F4-9ED5-8063DCBE9BE7}"
EndProject
Project("{FAE04EC0-301F-11D3-BF4B-00C04F79EFBC}") = "Tyuiu.KosishnevaAN.Sprint6.Task2.V30.Lib", "Tyuiu.KosishnevaAN.Sprint6.Task2.V30.Lib\Tyuiu.KosishnevaAN.Sprint6.Task2.V30.Lib.csproj", "{D70A1D1E-93C2-47CA-95A3-20ADC6C81E98}"
EndProject
Project("{FAE04EC0-301F-11D3-BF4B-00C04F79EFBC}") = "Tyuiu.KosishnevaAN.Sprint6.Task2.V30.Test", "Tyuiu.KosishnevaAN.Sprint6.Task2.V30.Test\Tyuiu.KosishnevaAN.Sprint6.Task2.V30.Test.csproj", "{BA018053-8167-4BE5-B432-7640D500C65D}"
EndProject
Project("{FAE04EC0-301F-11D3-BF4B-00C04F79EFBC}") = "Tyuiu.KosishnevaAN.Sprint6.Task2.V30", "Tyuiu.KosishnevaAN.Sprint6.Task2.V30\Tyuiu.KosishnevaAN.Sprint6.Task2.V30.csproj", "{576D20E3-E69C-4AC6-AF83-09B0E7116F29}"
EndProject
Global
	GlobalSection(SolutionConfigurationPlatforms) = preSolution
		Debug|Any CPU = Debug|Any CPU
		Release|Any CPU = Release|Any CPU
	EndGlobalSection
	GlobalSection(ProjectConfigurationPlatforms) = postSolution
		{6885ED29-376B-48BA-933D-90EFA9203D6B}.Debug|Any CPU.ActiveCfg = Debug|Any CPU
		{6885ED29-376B-48BA-933D-90EFA9203D6B}.Debug|Any CPU.Build.0 = Debug|Any CPU
		{6885ED29-376B-48BA-933D-90EFA9203D6B}.Release|Any CPU.ActiveCfg = Release|Any CPU
		{6885ED29-376B-48BA-933D-90EFA9203D6B}.Release|Any CPU.Build.0 = Release|Any CPU
		{EFF208AB-8DCD-4C4D-A22C-959CF914E273}.Debug|Any CPU.ActiveCfg = Debug|Any CPU
		{EFF208AB-8DCD-4C4D-A22C-959CF914E273}.Debug|Any CPU.Build.0 = Debug|Any CPU
		{EFF208AB-8DCD-4C4D-A22C-959CF914E273}.Release|Any CPU.ActiveCfg = Release|Any CPU
		{EFF208AB-8DCD-4C4D-A22C-959CF914E273}.Release|Any CPU.Build.0 = Release|Any CPU
		{C9E54A2D-B4F1-45E6-A37A-68112C2221BB}.Debug|Any CPU.ActiveCfg = Debug|Any CPU
		{C9E54A2D-B4F1-45E6-A37A-68112C2221BB}.Debug|Any CPU.Build.0 = Debug|Any CPU
		{C9E54A2D-B4F1-45E6-A37A-68112C2221BB}.Release|Any CPU.ActiveCfg = Release|Any CPU
		{C9E54A2D-B4F1-45E6-A37A-68112C2221BB}.Release|Any CPU.Build.0 = Release|Any CPU
		{D1880CE2-6849-4642-A2DA-FE7FDA046541}.Debug|Any CPU.ActiveCfg = Debug|Any CPU
		{D1880CE2-6849-4642-A2DA-FE7FDA046541}.Debug|Any CPU.Build.0 = Debug|Any CPU
		{D1880CE2-6849-4642-A2DA-FE7FDA046541}.Release|Any CPU.ActiveCfg = Release|Any CPU
		{D1880CE2-6849-4642-A2DA-FE7FDA046541}.Release|Any CPU.Build.0 = Release|Any CPU
		{CB026075-EBF1-440F-8374-4D8C843FD05D}.Debug|Any CPU.ActiveCfg = Debug|Any CPU
		{CB026075-EBF1-440F-8374-4D8C843FD05D}.Debug|Any CPU.Build.0 = Debug|Any CPU
		{CB026075-EBF1-440F-8374-4D8C843FD05D}.Release|Any CPU.ActiveCfg = Release|Any CPU
		{CB026075-EBF1-440F-8374-4D8C843FD05D}.Release|Any CPU.Build.0 = Release|Any CPU
		{BD181303-5E01-4157-9FBB-C191E0639B28}.Debug|Any CPU.ActiveCfg = Debug|Any CPU
		{BD181303-5E01-4157-9FBB-C191E0639B28}.Debug|Any CPU.Build.0 = Debug|Any CPU
		{BD181303-5E01-4157-9FBB-C191E0639B28}.Release|Any CPU.ActiveCfg = Release|Any CPU
		{BD181303-5E01-4157-9FBB-C191E0639B28}.Release|Any CPU.Build.0 = Release|Any CPU
		{D70A1D1E-93C2-47CA-95A3-20ADC6C81E98}.Debug|Any CPU.ActiveCfg = Debug|Any CPU
		{D70A1D1E-93C2-47CA-95A3-20ADC6C81E98}.Debug|Any CPU.Build.0 = Debug|Any CPU
		{D70A1D1E-93C2-47CA-95A3-20ADC6C81E98}.Release|Any CPU.ActiveCfg = Release|Any CPU
		{D70A1D1E-93C2-47CA-95A3-20ADC6C81E98}.Release|Any CPU.Build.0 = Release|Any CPU
		{BA018053-8167-4BE5-B432-7640D500C65D}.Debug|Any CPU.ActiveCfg = Debug|Any CPU
		{BA018053-8167-4BE5-B432-7640D500C65D}.Debug|Any CPU.Build.0 = Debug|Any CPU
		{BA018053-8167-4BE5-B432-7640D500C65D}.Release|Any CPU.ActiveCfg = Release|Any CPU
		{BA018053-8167-4BE5-B432-7640D500C65D}.Release|Any CPU.Build.0 = Release|Any CPU
		{576D20E3-E69C-4AC6-AF83-09B0E7116F29}.Debug|Any CPU.ActiveCfg = Debug|Any CPU
		{576D20E3-E69C-4AC6-AF83-09B0E7116F29}.Debug|Any CPU.Build.0 = Debug|Any CPU
		{576D20E3-E69C-4AC6-AF83-09B0E7116F29}.Release|Any CPU.ActiveCfg = Release|Any CPU
		{576D20E3-E69C-4AC6-AF83-09B0E7116F29}.Release|Any CPU.Build.0 = Release|Any CPU
	EndGlobalSection
	GlobalSection(SolutionProperties) = preSolution
		HideSolutionNode = FALSE
	EndGlobalSection
	GlobalSection(NestedProjects) = preSolution
		{6885ED29-376B-48BA-933D-90EFA9203D6B} = {A40AEFD8-6228-459A-A92D-1D6E1C6276F5}
		{EFF208AB-8DCD-4C4D-A22C-959CF914E273} = {A40AEFD8-6228-459A-A92D-1D6E1C6276F5}
		{C9E54A2D-B4F1-45E6-A37A-68112C2221BB} = {A40AEFD8-6228-459A-A92D-1D6E1C6276F5}
		{D1880CE2-6849-4642-A2DA-FE7FDA046541} = {3ED3915F-0A4A-46AA-AA25-3ED8FD525378}
		{CB026075-EBF1-440F-8374-4D8C843FD05D} = {3ED3915F-0A4A-46AA-AA25-3ED8FD525378}
		{BD181303-5E01-4157-9FBB-C191E0639B28} = {3ED3915F-0A4A-46AA-AA25-3ED8FD525378}
		{D70A1D1E-93C2-47CA-95A3-20ADC6C81E98} = {7F5F9A67-7913-41F4-9ED5-8063DCBE9BE7}
		{BA018053-8167-4BE5-B432-7640D500C65D} = {7F5F9A67-7913-41F4-9ED5-8063DCBE9BE7}
		{576D20E3-E69C-4AC6-AF83-09B0E7116F29} = {7F5F9A67-7913-41F4-9ED5-8063DCBE9BE7}
	EndGlobalSection
	GlobalSection(ExtensibilityGlobals) = postSolution
		SolutionGuid = {1C480D53-5B06-4FB3-B538-279DFFC599CC}
	EndGlobalSection
EndGlobal
